
Microsoft Visual Studio Solution File, Format Version 12.00
# Visual Studio 15
VisualStudioVersion = 15.0.28307.960
MinimumVisualStudioVersion = 10.0.40219.1
Project("{FAE04EC0-301F-11D3-BF4B-00C04F79EFBC}") = "homework_3", "homework_3\homework_3.csproj", "{D475CF57-79AD-48A3-AE97-585086F3BBC5}"
EndProject
Global
	GlobalSection(SolutionConfigurationPlatforms) = preSolution
		Debug|Any CPU = Debug|Any CPU
		Release|Any CPU = Release|Any CPU
	EndGlobalSection
	GlobalSection(ProjectConfigurationPlatforms) = postSolution
		{D475CF57-79AD-48A3-AE97-585086F3BBC5}.Debug|Any CPU.ActiveCfg = Debug|Any CPU
		{D475CF57-79AD-48A3-AE97-585086F3BBC5}.Debug|Any CPU.Build.0 = Debug|Any CPU
		{D475CF57-79AD-48A3-AE97-585086F3BBC5}.Release|Any CPU.ActiveCfg = Release|Any CPU
		{D475CF57-79AD-48A3-AE97-585086F3BBC5}.Release|Any CPU.Build.0 = Release|Any CPU
	EndGlobalSection
	GlobalSection(SolutionProperties) = preSolution
		HideSolutionNode = FALSE
	EndGlobalSection
	GlobalSection(ExtensibilityGlobals) = postSolution
		SolutionGuid = {2377F90D-75DA-4BB9-A565-F0356DF07065}
	EndGlobalSection
EndGlobal
